
Microsoft Visual Studio Solution File, Format Version 12.00
Project("{FAE04EC0-301F-11D3-BF4B-00C04F79EFBC}") = "_03.LSP", "_03.LSP\_03.LSP.csproj", "{B0EB3FC8-6845-4D94-A443-AF051C2F7243}"
EndProject
Project("{FAE04EC0-301F-11D3-BF4B-00C04F79EFBC}") = "_04.ISP", "_04.ISP\_04.ISP.csproj", "{EEC7D5AA-73C7-4C8D-9CA4-AC57CC3BE7FD}"
EndProject
Project("{FAE04EC0-301F-11D3-BF4B-00C04F79EFBC}") = "_05.DIP", "_05.DIP\_05.DIP.csproj", "{4C1E1333-EDA8-41BD-B68E-14D8963389DA}"
EndProject
Project("{FAE04EC0-301F-11D3-BF4B-00C04F79EFBC}") = "_00.INIT", "_00.INIT\_00.INIT.csproj", "{4C4E4484-A1EB-43A1-9B3D-9CA1EA0BDA6E}"
EndProject
Project("{FAE04EC0-301F-11D3-BF4B-00C04F79EFBC}") = "_01.SRP", "_01.SRP\_01.SRP.csproj", "{E6E43AE6-331B-4AA1-93E9-AB1F51D445DA}"
EndProject
Project("{FAE04EC0-301F-11D3-BF4B-00C04F79EFBC}") = "_02.OCP", "_02.OCP\_02.OCP.csproj", "{10A9E0AB-B458-4ED5-B336-DABB514433B9}"
EndProject
Global
	GlobalSection(SolutionConfigurationPlatforms) = preSolution
		Debug|Any CPU = Debug|Any CPU
		Release|Any CPU = Release|Any CPU
	EndGlobalSection
	GlobalSection(ProjectConfigurationPlatforms) = postSolution
		{B0EB3FC8-6845-4D94-A443-AF051C2F7243}.Debug|Any CPU.ActiveCfg = Debug|Any CPU
		{B0EB3FC8-6845-4D94-A443-AF051C2F7243}.Debug|Any CPU.Build.0 = Debug|Any CPU
		{B0EB3FC8-6845-4D94-A443-AF051C2F7243}.Release|Any CPU.ActiveCfg = Release|Any CPU
		{B0EB3FC8-6845-4D94-A443-AF051C2F7243}.Release|Any CPU.Build.0 = Release|Any CPU
		{EEC7D5AA-73C7-4C8D-9CA4-AC57CC3BE7FD}.Debug|Any CPU.ActiveCfg = Debug|Any CPU
		{EEC7D5AA-73C7-4C8D-9CA4-AC57CC3BE7FD}.Debug|Any CPU.Build.0 = Debug|Any CPU
		{EEC7D5AA-73C7-4C8D-9CA4-AC57CC3BE7FD}.Release|Any CPU.ActiveCfg = Release|Any CPU
		{EEC7D5AA-73C7-4C8D-9CA4-AC57CC3BE7FD}.Release|Any CPU.Build.0 = Release|Any CPU
		{4C1E1333-EDA8-41BD-B68E-14D8963389DA}.Debug|Any CPU.ActiveCfg = Debug|Any CPU
		{4C1E1333-EDA8-41BD-B68E-14D8963389DA}.Debug|Any CPU.Build.0 = Debug|Any CPU
		{4C1E1333-EDA8-41BD-B68E-14D8963389DA}.Release|Any CPU.ActiveCfg = Release|Any CPU
		{4C1E1333-EDA8-41BD-B68E-14D8963389DA}.Release|Any CPU.Build.0 = Release|Any CPU
		{4C4E4484-A1EB-43A1-9B3D-9CA1EA0BDA6E}.Debug|Any CPU.ActiveCfg = Debug|Any CPU
		{4C4E4484-A1EB-43A1-9B3D-9CA1EA0BDA6E}.Debug|Any CPU.Build.0 = Debug|Any CPU
		{4C4E4484-A1EB-43A1-9B3D-9CA1EA0BDA6E}.Release|Any CPU.ActiveCfg = Release|Any CPU
		{4C4E4484-A1EB-43A1-9B3D-9CA1EA0BDA6E}.Release|Any CPU.Build.0 = Release|Any CPU
		{E6E43AE6-331B-4AA1-93E9-AB1F51D445DA}.Debug|Any CPU.ActiveCfg = Debug|Any CPU
		{E6E43AE6-331B-4AA1-93E9-AB1F51D445DA}.Debug|Any CPU.Build.0 = Debug|Any CPU
		{E6E43AE6-331B-4AA1-93E9-AB1F51D445DA}.Release|Any CPU.ActiveCfg = Release|Any CPU
		{E6E43AE6-331B-4AA1-93E9-AB1F51D445DA}.Release|Any CPU.Build.0 = Release|Any CPU
		{10A9E0AB-B458-4ED5-B336-DABB514433B9}.Debug|Any CPU.ActiveCfg = Debug|Any CPU
		{10A9E0AB-B458-4ED5-B336-DABB514433B9}.Debug|Any CPU.Build.0 = Debug|Any CPU
		{10A9E0AB-B458-4ED5-B336-DABB514433B9}.Release|Any CPU.ActiveCfg = Release|Any CPU
		{10A9E0AB-B458-4ED5-B336-DABB514433B9}.Release|Any CPU.Build.0 = Release|Any CPU
	EndGlobalSection
EndGlobal
